
Microsoft Visual Studio Solution File, Format Version 12.00
# Visual Studio Version 17
VisualStudioVersion = 17.11.35327.3
MinimumVisualStudioVersion = 10.0.40219.1
Project("{888888A0-9F3D-457C-B088-3A5042F75D52}") = "LuckyFalcon_Assignment09", "LuckyFalcon_Assignment09\LuckyFalcon_Assignment09.pyproj", "{9593A45F-D077-403A-8BEC-774B0AFB3613}"
EndProject
Global
	GlobalSection(SolutionConfigurationPlatforms) = preSolution
		Debug|Any CPU = Debug|Any CPU
		Release|Any CPU = Release|Any CPU
	EndGlobalSection
	GlobalSection(ProjectConfigurationPlatforms) = postSolution
		{9593A45F-D077-403A-8BEC-774B0AFB3613}.Debug|Any CPU.ActiveCfg = Debug|Any CPU
		{9593A45F-D077-403A-8BEC-774B0AFB3613}.Release|Any CPU.ActiveCfg = Release|Any CPU
	EndGlobalSection
	GlobalSection(SolutionProperties) = preSolution
		HideSolutionNode = FALSE
	EndGlobalSection
	GlobalSection(ExtensibilityGlobals) = postSolution
		SolutionGuid = {F1A71CA7-8A8E-456C-BCE7-8C1DF9C61ACD}
	EndGlobalSection
EndGlobal
